
Microsoft Visual Studio Solution File, Format Version 12.00
# Visual Studio Version 16
VisualStudioVersion = 16.0.28917.181
MinimumVisualStudioVersion = 10.0.40219.1
Project("{9A19103F-16F7-4668-BE54-9A1E7A4F7556}") = "TriviaGameMVC.WebApp", "TriviaGameMVC.WebApp\TriviaGameMVC.WebApp.csproj", "{AEFBAAC3-3DC5-456A-99B9-1C1A2FEF019B}"
EndProject
Project("{FAE04EC0-301F-11D3-BF4B-00C04F79EFBC}") = "TriviaGameMVC.Tests", "TriviaGameMVC.Tests\TriviaGameMVC.Tests.csproj", "{7F9BC08D-1A96-4DEC-B4B6-3DF8D1977AF7}"
EndProject
Global
	GlobalSection(SolutionConfigurationPlatforms) = preSolution
		Debug|Any CPU = Debug|Any CPU
		Release|Any CPU = Release|Any CPU
	EndGlobalSection
	GlobalSection(ProjectConfigurationPlatforms) = postSolution
		{AEFBAAC3-3DC5-456A-99B9-1C1A2FEF019B}.Debug|Any CPU.ActiveCfg = Debug|Any CPU
		{AEFBAAC3-3DC5-456A-99B9-1C1A2FEF019B}.Debug|Any CPU.Build.0 = Debug|Any CPU
		{AEFBAAC3-3DC5-456A-99B9-1C1A2FEF019B}.Release|Any CPU.ActiveCfg = Release|Any CPU
		{AEFBAAC3-3DC5-456A-99B9-1C1A2FEF019B}.Release|Any CPU.Build.0 = Release|Any CPU
		{7F9BC08D-1A96-4DEC-B4B6-3DF8D1977AF7}.Debug|Any CPU.ActiveCfg = Debug|Any CPU
		{7F9BC08D-1A96-4DEC-B4B6-3DF8D1977AF7}.Debug|Any CPU.Build.0 = Debug|Any CPU
		{7F9BC08D-1A96-4DEC-B4B6-3DF8D1977AF7}.Release|Any CPU.ActiveCfg = Release|Any CPU
		{7F9BC08D-1A96-4DEC-B4B6-3DF8D1977AF7}.Release|Any CPU.Build.0 = Release|Any CPU
	EndGlobalSection
	GlobalSection(SolutionProperties) = preSolution
		HideSolutionNode = FALSE
	EndGlobalSection
	GlobalSection(ExtensibilityGlobals) = postSolution
		SolutionGuid = {5B8AF5F8-D213-49DC-8D48-75A9F104EAD3}
	EndGlobalSection
EndGlobal
